
Microsoft Visual Studio Solution File, Format Version 12.00
# Visual Studio Version 17
VisualStudioVersion = 17.14.36109.1 d17.14
MinimumVisualStudioVersion = 10.0.40219.1
Project("{FAE04EC0-301F-11D3-BF4B-00C04F79EFBC}") = "Sondor.Options", "Sondor.Options\Sondor.Options.csproj", "{D4A79B04-F212-4F6B-AC11-A31256D6E3D0}"
EndProject
Project("{FAE04EC0-301F-11D3-BF4B-00C04F79EFBC}") = "Sondor.Options.Tests", "Sondor.Options.Tests\Sondor.Options.Tests.csproj", "{1D0B86D6-25A3-40F6-97A0-E6A3981C9D26}"
EndProject
Global
	GlobalSection(SolutionConfigurationPlatforms) = preSolution
		Debug|Any CPU = Debug|Any CPU
		Release|Any CPU = Release|Any CPU
	EndGlobalSection
	GlobalSection(ProjectConfigurationPlatforms) = postSolution
		{D4A79B04-F212-4F6B-AC11-A31256D6E3D0}.Debug|Any CPU.ActiveCfg = Debug|Any CPU
		{D4A79B04-F212-4F6B-AC11-A31256D6E3D0}.Debug|Any CPU.Build.0 = Debug|Any CPU
		{D4A79B04-F212-4F6B-AC11-A31256D6E3D0}.Release|Any CPU.ActiveCfg = Release|Any CPU
		{D4A79B04-F212-4F6B-AC11-A31256D6E3D0}.Release|Any CPU.Build.0 = Release|Any CPU
		{1D0B86D6-25A3-40F6-97A0-E6A3981C9D26}.Debug|Any CPU.ActiveCfg = Debug|Any CPU
		{1D0B86D6-25A3-40F6-97A0-E6A3981C9D26}.Debug|Any CPU.Build.0 = Debug|Any CPU
		{1D0B86D6-25A3-40F6-97A0-E6A3981C9D26}.Release|Any CPU.ActiveCfg = Release|Any CPU
		{1D0B86D6-25A3-40F6-97A0-E6A3981C9D26}.Release|Any CPU.Build.0 = Release|Any CPU
	EndGlobalSection
	GlobalSection(SolutionProperties) = preSolution
		HideSolutionNode = FALSE
	EndGlobalSection
	GlobalSection(ExtensibilityGlobals) = postSolution
		SolutionGuid = {E3980475-4476-4807-82D8-C879258AA9CD}
	EndGlobalSection
EndGlobal
